
Microsoft Visual Studio Solution File, Format Version 12.00
# Visual Studio Version 17
VisualStudioVersion = 17.1.32228.430
MinimumVisualStudioVersion = 10.0.40219.1
Project("{FAE04EC0-301F-11D3-BF4B-00C04F79EFBC}") = "Mobile-Programming-Week-3-3.UWP", "Mobile-Programming-Week-3-3\Mobile-Programming-Week-3-3.UWP\Mobile-Programming-Week-3-3.UWP.csproj", "{191D43C8-506A-411E-A8CD-570466516891}"
EndProject
Project("{FAE04EC0-301F-11D3-BF4B-00C04F79EFBC}") = "Mobile-Programming-Week-3-3.Android", "Mobile-Programming-Week-3-3\Mobile-Programming-Week-3-3.Android\Mobile-Programming-Week-3-3.Android.csproj", "{DE9A277B-888D-437B-A0C0-3618673E6E4A}"
EndProject
Project("{FAE04EC0-301F-11D3-BF4B-00C04F79EFBC}") = "Mobile-Programming-Week-3-3.iOS", "Mobile-Programming-Week-3-3\Mobile-Programming-Week-3-3.iOS\Mobile-Programming-Week-3-3.iOS.csproj", "{DB473B33-1D99-4D2E-B739-E58949A86638}"
EndProject
Project("{FAE04EC0-301F-11D3-BF4B-00C04F79EFBC}") = "Mobile-Programming-Week-3-3", "Mobile-Programming-Week-3-3\Mobile-Programming-Week-3-3\Mobile-Programming-Week-3-3.csproj", "{04F335E9-43A1-43D9-9561-1D2C8D57678A}"
EndProject
Global
	GlobalSection(SolutionConfigurationPlatforms) = preSolution
		Debug|Any CPU = Debug|Any CPU
		Debug|ARM = Debug|ARM
		Debug|iPhone = Debug|iPhone
		Debug|iPhoneSimulator = Debug|iPhoneSimulator
		Debug|x64 = Debug|x64
		Debug|x86 = Debug|x86
		Release|Any CPU = Release|Any CPU
		Release|ARM = Release|ARM
		Release|iPhone = Release|iPhone
		Release|iPhoneSimulator = Release|iPhoneSimulator
		Release|x64 = Release|x64
		Release|x86 = Release|x86
	EndGlobalSection
	GlobalSection(ProjectConfigurationPlatforms) = postSolution
		{191D43C8-506A-411E-A8CD-570466516891}.Debug|Any CPU.ActiveCfg = Debug|x64
		{191D43C8-506A-411E-A8CD-570466516891}.Debug|Any CPU.Build.0 = Debug|x64
		{191D43C8-506A-411E-A8CD-570466516891}.Debug|Any CPU.Deploy.0 = Debug|x64
		{191D43C8-506A-411E-A8CD-570466516891}.Debug|ARM.ActiveCfg = Debug|ARM
		{191D43C8-506A-411E-A8CD-570466516891}.Debug|ARM.Build.0 = Debug|ARM
		{191D43C8-506A-411E-A8CD-570466516891}.Debug|ARM.Deploy.0 = Debug|ARM
		{191D43C8-506A-411E-A8CD-570466516891}.Debug|iPhone.ActiveCfg = Debug|x64
		{191D43C8-506A-411E-A8CD-570466516891}.Debug|iPhone.Build.0 = Debug|x64
		{191D43C8-506A-411E-A8CD-570466516891}.Debug|iPhone.Deploy.0 = Debug|x64
		{191D43C8-506A-411E-A8CD-570466516891}.Debug|iPhoneSimulator.ActiveCfg = Debug|x64
		{191D43C8-506A-411E-A8CD-570466516891}.Debug|iPhoneSimulator.Build.0 = Debug|x64
		{191D43C8-506A-411E-A8CD-570466516891}.Debug|iPhoneSimulator.Deploy.0 = Debug|x64
		{191D43C8-506A-411E-A8CD-570466516891}.Debug|x64.ActiveCfg = Debug|x64
		{191D43C8-506A-411E-A8CD-570466516891}.Debug|x64.Build.0 = Debug|x64
		{191D43C8-506A-411E-A8CD-570466516891}.Debug|x64.Deploy.0 = Debug|x64
		{191D43C8-506A-411E-A8CD-570466516891}.Debug|x86.ActiveCfg = Debug|x86
		{191D43C8-506A-411E-A8CD-570466516891}.Debug|x86.Build.0 = Debug|x86
		{191D43C8-506A-411E-A8CD-570466516891}.Debug|x86.Deploy.0 = Debug|x86
		{191D43C8-506A-411E-A8CD-570466516891}.Release|Any CPU.ActiveCfg = Release|x64
		{191D43C8-506A-411E-A8CD-570466516891}.Release|Any CPU.Build.0 = Release|x64
		{191D43C8-506A-411E-A8CD-570466516891}.Release|Any CPU.Deploy.0 = Release|x64
		{191D43C8-506A-411E-A8CD-570466516891}.Release|ARM.ActiveCfg = Release|ARM
		{191D43C8-506A-411E-A8CD-570466516891}.Release|ARM.Build.0 = Release|ARM
		{191D43C8-506A-411E-A8CD-570466516891}.Release|ARM.Deploy.0 = Release|ARM
		{191D43C8-506A-411E-A8CD-570466516891}.Release|iPhone.ActiveCfg = Release|x64
		{191D43C8-506A-411E-A8CD-570466516891}.Release|iPhone.Build.0 = Release|x64
		{191D43C8-506A-411E-A8CD-570466516891}.Release|iPhone.Deploy.0 = Release|x64
		{191D43C8-506A-411E-A8CD-570466516891}.Release|iPhoneSimulator.ActiveCfg = Release|x64
		{191D43C8-506A-411E-A8CD-570466516891}.Release|iPhoneSimulator.Build.0 = Release|x64
		{191D43C8-506A-411E-A8CD-570466516891}.Release|iPhoneSimulator.Deploy.0 = Release|x64
		{191D43C8-506A-411E-A8CD-570466516891}.Release|x64.ActiveCfg = Release|x64
		{191D43C8-506A-411E-A8CD-570466516891}.Release|x64.Build.0 = Release|x64
		{191D43C8-506A-411E-A8CD-570466516891}.Release|x64.Deploy.0 = Release|x64
		{191D43C8-506A-411E-A8CD-570466516891}.Release|x86.ActiveCfg = Release|x86
		{191D43C8-506A-411E-A8CD-570466516891}.Release|x86.Build.0 = Release|x86
		{191D43C8-506A-411E-A8CD-570466516891}.Release|x86.Deploy.0 = Release|x86
		{DE9A277B-888D-437B-A0C0-3618673E6E4A}.Debug|Any CPU.ActiveCfg = Debug|Any CPU
		{DE9A277B-888D-437B-A0C0-3618673E6E4A}.Debug|Any CPU.Build.0 = Debug|Any CPU
		{DE9A277B-888D-437B-A0C0-3618673E6E4A}.Debug|Any CPU.Deploy.0 = Debug|Any CPU
		{DE9A277B-888D-437B-A0C0-3618673E6E4A}.Debug|ARM.ActiveCfg = Debug|Any CPU
		{DE9A277B-888D-437B-A0C0-3618673E6E4A}.Debug|ARM.Build.0 = Debug|Any CPU
		{DE9A277B-888D-437B-A0C0-3618673E6E4A}.Debug|ARM.Deploy.0 = Debug|Any CPU
		{DE9A277B-888D-437B-A0C0-3618673E6E4A}.Debug|iPhone.ActiveCfg = Debug|Any CPU
		{DE9A277B-888D-437B-A0C0-3618673E6E4A}.Debug|iPhone.Build.0 = Debug|Any CPU
		{DE9A277B-888D-437B-A0C0-3618673E6E4A}.Debug|iPhone.Deploy.0 = Debug|Any CPU
		{DE9A277B-888D-437B-A0C0-3618673E6E4A}.Debug|iPhoneSimulator.ActiveCfg = Debug|Any CPU
		{DE9A277B-888D-437B-A0C0-3618673E6E4A}.Debug|iPhoneSimulator.Build.0 = Debug|Any CPU
		{DE9A277B-888D-437B-A0C0-3618673E6E4A}.Debug|iPhoneSimulator.Deploy.0 = Debug|Any CPU
		{DE9A277B-888D-437B-A0C0-3618673E6E4A}.Debug|x64.ActiveCfg = Debug|Any CPU
		{DE9A277B-888D-437B-A0C0-3618673E6E4A}.Debug|x64.Build.0 = Debug|Any CPU
		{DE9A277B-888D-437B-A0C0-3618673E6E4A}.Debug|x64.Deploy.0 = Debug|Any CPU
		{DE9A277B-888D-437B-A0C0-3618673E6E4A}.Debug|x86.ActiveCfg = Debug|Any CPU
		{DE9A277B-888D-437B-A0C0-3618673E6E4A}.Debug|x86.Build.0 = Debug|Any CPU
		{DE9A277B-888D-437B-A0C0-3618673E6E4A}.Debug|x86.Deploy.0 = Debug|Any CPU
		{DE9A277B-888D-437B-A0C0-3618673E6E4A}.Release|Any CPU.ActiveCfg = Release|Any CPU
		{DE9A277B-888D-437B-A0C0-3618673E6E4A}.Release|Any CPU.Build.0 = Release|Any CPU
		{DE9A277B-888D-437B-A0C0-3618673E6E4A}.Release|Any CPU.Deploy.0 = Release|Any CPU
		{DE9A277B-888D-437B-A0C0-3618673E6E4A}.Release|ARM.ActiveCfg = Release|Any CPU
		{DE9A277B-888D-437B-A0C0-3618673E6E4A}.Release|ARM.Build.0 = Release|Any CPU
		{DE9A277B-888D-437B-A0C0-3618673E6E4A}.Release|ARM.Deploy.0 = Release|Any CPU
		{DE9A277B-888D-437B-A0C0-3618673E6E4A}.Release|iPhone.ActiveCfg = Release|Any CPU
		{DE9A277B-888D-437B-A0C0-3618673E6E4A}.Release|iPhone.Build.0 = Release|Any CPU
		{DE9A277B-888D-437B-A0C0-3618673E6E4A}.Release|iPhone.Deploy.0 = Release|Any CPU
		{DE9A277B-888D-437B-A0C0-3618673E6E4A}.Release|iPhoneSimulator.ActiveCfg = Release|Any CPU
		{DE9A277B-888D-437B-A0C0-3618673E6E4A}.Release|iPhoneSimulator.Build.0 = Release|Any CPU
		{DE9A277B-888D-437B-A0C0-3618673E6E4A}.Release|iPhoneSimulator.Deploy.0 = Release|Any CPU
		{DE9A277B-888D-437B-A0C0-3618673E6E4A}.Release|x64.ActiveCfg = Release|Any CPU
		{DE9A277B-888D-437B-A0C0-3618673E6E4A}.Release|x64.Build.0 = Release|Any CPU
		{DE9A277B-888D-437B-A0C0-3618673E6E4A}.Release|x64.Deploy.0 = Release|Any CPU
		{DE9A277B-888D-437B-A0C0-3618673E6E4A}.Release|x86.ActiveCfg = Release|Any CPU
		{DE9A277B-888D-437B-A0C0-3618673E6E4A}.Release|x86.Build.0 = Release|Any CPU
		{DE9A277B-888D-437B-A0C0-3618673E6E4A}.Release|x86.Deploy.0 = Release|Any CPU
		{DB473B33-1D99-4D2E-B739-E58949A86638}.Debug|Any CPU.ActiveCfg = Debug|iPhoneSimulator
		{DB473B33-1D99-4D2E-B739-E58949A86638}.Debug|Any CPU.Build.0 = Debug|iPhoneSimulator
		{DB473B33-1D99-4D2E-B739-E58949A86638}.Debug|Any CPU.Deploy.0 = Debug|iPhoneSimulator
		{DB473B33-1D99-4D2E-B739-E58949A86638}.Debug|ARM.ActiveCfg = Debug|iPhoneSimulator
		{DB473B33-1D99-4D2E-B739-E58949A86638}.Debug|ARM.Build.0 = Debug|iPhoneSimulator
		{DB473B33-1D99-4D2E-B739-E58949A86638}.Debug|ARM.Deploy.0 = Debug|iPhoneSimulator
		{DB473B33-1D99-4D2E-B739-E58949A86638}.Debug|iPhone.ActiveCfg = Debug|iPhone
		{DB473B33-1D99-4D2E-B739-E58949A86638}.Debug|iPhone.Build.0 = Debug|iPhone
		{DB473B33-1D99-4D2E-B739-E58949A86638}.Debug|iPhone.Deploy.0 = Debug|iPhone
		{DB473B33-1D99-4D2E-B739-E58949A86638}.Debug|iPhoneSimulator.ActiveCfg = Debug|iPhoneSimulator
		{DB473B33-1D99-4D2E-B739-E58949A86638}.Debug|iPhoneSimulator.Build.0 = Debug|iPhoneSimulator
		{DB473B33-1D99-4D2E-B739-E58949A86638}.Debug|iPhoneSimulator.Deploy.0 = Debug|iPhoneSimulator
		{DB473B33-1D99-4D2E-B739-E58949A86638}.Debug|x64.ActiveCfg = Debug|iPhone
		{DB473B33-1D99-4D2E-B739-E58949A86638}.Debug|x64.Build.0 = Debug|iPhone
		{DB473B33-1D99-4D2E-B739-E58949A86638}.Debug|x64.Deploy.0 = Debug|iPhone
		{DB473B33-1D99-4D2E-B739-E58949A86638}.Debug|x86.ActiveCfg = Debug|iPhoneSimulator
		{DB473B33-1D99-4D2E-B739-E58949A86638}.Debug|x86.Build.0 = Debug|iPhoneSimulator
		{DB473B33-1D99-4D2E-B739-E58949A86638}.Debug|x86.Deploy.0 = Debug|iPhoneSimulator
		{DB473B33-1D99-4D2E-B739-E58949A86638}.Release|Any CPU.ActiveCfg = Release|iPhoneSimulator
		{DB473B33-1D99-4D2E-B739-E58949A86638}.Release|Any CPU.Build.0 = Release|iPhoneSimulator
		{DB473B33-1D99-4D2E-B739-E58949A86638}.Release|Any CPU.Deploy.0 = Release|iPhoneSimulator
		{DB473B33-1D99-4D2E-B739-E58949A86638}.Release|ARM.ActiveCfg = Release|iPhoneSimulator
		{DB473B33-1D99-4D2E-B739-E58949A86638}.Release|ARM.Build.0 = Release|iPhoneSimulator
		{DB473B33-1D99-4D2E-B739-E58949A86638}.Release|ARM.Deploy.0 = Release|iPhoneSimulator
		{DB473B33-1D99-4D2E-B739-E58949A86638}.Release|iPhone.ActiveCfg = Release|iPhone
		{DB473B33-1D99-4D2E-B739-E58949A86638}.Release|iPhone.Build.0 = Release|iPhone
		{DB473B33-1D99-4D2E-B739-E58949A86638}.Release|iPhone.Deploy.0 = Release|iPhone
		{DB473B33-1D99-4D2E-B739-E58949A86638}.Release|iPhoneSimulator.ActiveCfg = Release|iPhoneSimulator
		{DB473B33-1D99-4D2E-B739-E58949A86638}.Release|iPhoneSimulator.Build.0 = Release|iPhoneSimulator
		{DB473B33-1D99-4D2E-B739-E58949A86638}.Release|iPhoneSimulator.Deploy.0 = Release|iPhoneSimulator
		{DB473B33-1D99-4D2E-B739-E58949A86638}.Release|x64.ActiveCfg = Release|iPhoneSimulator
		{DB473B33-1D99-4D2E-B739-E58949A86638}.Release|x64.Build.0 = Release|iPhoneSimulator
		{DB473B33-1D99-4D2E-B739-E58949A86638}.Release|x64.Deploy.0 = Release|iPhoneSimulator
		{DB473B33-1D99-4D2E-B739-E58949A86638}.Release|x86.ActiveCfg = Release|iPhoneSimulator
		{DB473B33-1D99-4D2E-B739-E58949A86638}.Release|x86.Build.0 = Release|iPhoneSimulator
		{DB473B33-1D99-4D2E-B739-E58949A86638}.Release|x86.Deploy.0 = Release|iPhoneSimulator
		{04F335E9-43A1-43D9-9561-1D2C8D57678A}.Debug|Any CPU.ActiveCfg = Debug|Any CPU
		{04F335E9-43A1-43D9-9561-1D2C8D57678A}.Debug|Any CPU.Build.0 = Debug|Any CPU
		{04F335E9-43A1-43D9-9561-1D2C8D57678A}.Debug|Any CPU.Deploy.0 = Debug|Any CPU
		{04F335E9-43A1-43D9-9561-1D2C8D57678A}.Debug|ARM.ActiveCfg = Debug|Any CPU
		{04F335E9-43A1-43D9-9561-1D2C8D57678A}.Debug|ARM.Build.0 = Debug|Any CPU
		{04F335E9-43A1-43D9-9561-1D2C8D57678A}.Debug|ARM.Deploy.0 = Debug|Any CPU
		{04F335E9-43A1-43D9-9561-1D2C8D57678A}.Debug|iPhone.ActiveCfg = Debug|Any CPU
		{04F335E9-43A1-43D9-9561-1D2C8D57678A}.Debug|iPhone.Build.0 = Debug|Any CPU
		{04F335E9-43A1-43D9-9561-1D2C8D57678A}.Debug|iPhone.Deploy.0 = Debug|Any CPU
		{04F335E9-43A1-43D9-9561-1D2C8D57678A}.Debug|iPhoneSimulator.ActiveCfg = Debug|Any CPU
		{04F335E9-43A1-43D9-9561-1D2C8D57678A}.Debug|iPhoneSimulator.Build.0 = Debug|Any CPU
		{04F335E9-43A1-43D9-9561-1D2C8D57678A}.Debug|iPhoneSimulator.Deploy.0 = Debug|Any CPU
		{04F335E9-43A1-43D9-9561-1D2C8D57678A}.Debug|x64.ActiveCfg = Debug|Any CPU
		{04F335E9-43A1-43D9-9561-1D2C8D57678A}.Debug|x64.Build.0 = Debug|Any CPU
		{04F335E9-43A1-43D9-9561-1D2C8D57678A}.Debug|x64.Deploy.0 = Debug|Any CPU
		{04F335E9-43A1-43D9-9561-1D2C8D57678A}.Debug|x86.ActiveCfg = Debug|Any CPU
		{04F335E9-43A1-43D9-9561-1D2C8D57678A}.Debug|x86.Build.0 = Debug|Any CPU
		{04F335E9-43A1-43D9-9561-1D2C8D57678A}.Debug|x86.Deploy.0 = Debug|Any CPU
		{04F335E9-43A1-43D9-9561-1D2C8D57678A}.Release|Any CPU.ActiveCfg = Release|Any CPU
		{04F335E9-43A1-43D9-9561-1D2C8D57678A}.Release|Any CPU.Build.0 = Release|Any CPU
		{04F335E9-43A1-43D9-9561-1D2C8D57678A}.Release|Any CPU.Deploy.0 = Release|Any CPU
		{04F335E9-43A1-43D9-9561-1D2C8D57678A}.Release|ARM.ActiveCfg = Release|Any CPU
		{04F335E9-43A1-43D9-9561-1D2C8D57678A}.Release|ARM.Build.0 = Release|Any CPU
		{04F335E9-43A1-43D9-9561-1D2C8D57678A}.Release|ARM.Deploy.0 = Release|Any CPU
		{04F335E9-43A1-43D9-9561-1D2C8D57678A}.Release|iPhone.ActiveCfg = Release|Any CPU
		{04F335E9-43A1-43D9-9561-1D2C8D57678A}.Release|iPhone.Build.0 = Release|Any CPU
		{04F335E9-43A1-43D9-9561-1D2C8D57678A}.Release|iPhone.Deploy.0 = Release|Any CPU
		{04F335E9-43A1-43D9-9561-1D2C8D57678A}.Release|iPhoneSimulator.ActiveCfg = Release|Any CPU
		{04F335E9-43A1-43D9-9561-1D2C8D57678A}.Release|iPhoneSimulator.Build.0 = Release|Any CPU
		{04F335E9-43A1-43D9-9561-1D2C8D57678A}.Release|iPhoneSimulator.Deploy.0 = Release|Any CPU
		{04F335E9-43A1-43D9-9561-1D2C8D57678A}.Release|x64.ActiveCfg = Release|Any CPU
		{04F335E9-43A1-43D9-9561-1D2C8D57678A}.Release|x64.Build.0 = Release|Any CPU
		{04F335E9-43A1-43D9-9561-1D2C8D57678A}.Release|x64.Deploy.0 = Release|Any CPU
		{04F335E9-43A1-43D9-9561-1D2C8D57678A}.Release|x86.ActiveCfg = Release|Any CPU
		{04F335E9-43A1-43D9-9561-1D2C8D57678A}.Release|x86.Build.0 = Release|Any CPU
		{04F335E9-43A1-43D9-9561-1D2C8D57678A}.Release|x86.Deploy.0 = Release|Any CPU
	EndGlobalSection
	GlobalSection(SolutionProperties) = preSolution
		HideSolutionNode = FALSE
	EndGlobalSection
	GlobalSection(ExtensibilityGlobals) = postSolution
		SolutionGuid = {A6C273C7-2D0F-4A9F-B9B4-E4C61B4BAD30}
	EndGlobalSection
EndGlobal
